// !$*UTF8*$!
{
	archiveVersion = 1;
	classes = {
	};
	objectVersion = 56;
	objects = {

/* Begin PBXBuildFile section */
		6A386E4A29FE77390016C26A /* Chord.swift in Sources */ = {isa = PBXBuildFile; fileRef = 6A386E4929FE77390016C26A /* Chord.swift */; };
		6A386E7829FEB60E0016C26A /* fMin2.mid in Resources */ = {isa = PBXBuildFile; fileRef = 6A386E6E29FEB60D0016C26A /* fMin2.mid */; };
		6A386E7929FEB60E0016C26A /* cMin3.mid in Resources */ = {isa = PBXBuildFile; fileRef = 6A386E6F29FEB60D0016C26A /* cMin3.mid */; };
		6A386E7A29FEB60E0016C26A /* fMin3.mid in Resources */ = {isa = PBXBuildFile; fileRef = 6A386E7029FEB60D0016C26A /* fMin3.mid */; };
		6A386E7B29FEB60E0016C26A /* gMin2.mid in Resources */ = {isa = PBXBuildFile; fileRef = 6A386E7129FEB60D0016C26A /* gMin2.mid */; };
		6A386E7C29FEB60E0016C26A /* gMin3.mid in Resources */ = {isa = PBXBuildFile; fileRef = 6A386E7229FEB60E0016C26A /* gMin3.mid */; };
		6A386E7D29FEB60E0016C26A /* abMaj2.mid in Resources */ = {isa = PBXBuildFile; fileRef = 6A386E7329FEB60E0016C26A /* abMaj2.mid */; };
		6A386E7E29FEB60E0016C26A /* abMaj3.mid in Resources */ = {isa = PBXBuildFile; fileRef = 6A386E7429FEB60E0016C26A /* abMaj3.mid */; };
		6A386E7F29FEB60E0016C26A /* cMin4.mid in Resources */ = {isa = PBXBuildFile; fileRef = 6A386E7529FEB60E0016C26A /* cMin4.mid */; };
		6A386E8029FEB60E0016C26A /* ebMaj3.mid in Resources */ = {isa = PBXBuildFile; fileRef = 6A386E7629FEB60E0016C26A /* ebMaj3.mid */; };
		6A386E8129FEB60E0016C26A /* bbMaj3.mid in Resources */ = {isa = PBXBuildFile; fileRef = 6A386E7729FEB60E0016C26A /* bbMaj3.mid */; };
		6A386E8329FED7BC0016C26A /* ChordManager.swift in Sources */ = {isa = PBXBuildFile; fileRef = 6A386E8229FED7BC0016C26A /* ChordManager.swift */; };
		6A386E8629FEEA240016C26A /* iPhone 13.png in Resources */ = {isa = PBXBuildFile; fileRef = 6A386E8529FEEA240016C26A /* iPhone 13.png */; };
		6A6176FB29F28750006D0E9E /* Main.swift in Sources */ = {isa = PBXBuildFile; fileRef = 6A6176FA29F28750006D0E9E /* Main.swift */; };
		6A6176FD29F28750006D0E9E /* ContentView.swift in Sources */ = {isa = PBXBuildFile; fileRef = 6A6176FC29F28750006D0E9E /* ContentView.swift */; };
		6A6176FF29F28751006D0E9E /* Assets.xcassets in Resources */ = {isa = PBXBuildFile; fileRef = 6A6176FE29F28751006D0E9E /* Assets.xcassets */; };
		6A61770229F28751006D0E9E /* Preview Assets.xcassets in Resources */ = {isa = PBXBuildFile; fileRef = 6A61770129F28751006D0E9E /* Preview Assets.xcassets */; };
		6A61770929F2897D006D0E9E /* CameraPreview.swift in Sources */ = {isa = PBXBuildFile; fileRef = 6A61770829F2897D006D0E9E /* CameraPreview.swift */; };
		6A61770B29F289FC006D0E9E /* CameraViewController.swift in Sources */ = {isa = PBXBuildFile; fileRef = 6A61770A29F289FC006D0E9E /* CameraViewController.swift */; };
		6A61770D29F28A5E006D0E9E /* CameraView.swift in Sources */ = {isa = PBXBuildFile; fileRef = 6A61770C29F28A5E006D0E9E /* CameraView.swift */; };
		6A61771229F29511006D0E9E /* LaunchScreen.storyboard in Resources */ = {isa = PBXBuildFile; fileRef = 6A61771129F29511006D0E9E /* LaunchScreen.storyboard */; };
		6A61771A29F2ABC6006D0E9E /* FingersOverlay.swift in Sources */ = {isa = PBXBuildFile; fileRef = 6A61771929F2ABC6006D0E9E /* FingersOverlay.swift */; };
		6A61771C29F2AD8B006D0E9E /* ChordViewModel.swift in Sources */ = {isa = PBXBuildFile; fileRef = 6A61771B29F2AD8B006D0E9E /* ChordViewModel.swift */; };
		6A9E0CC629F85300003A4D19 /* Piano.sf2 in Resources */ = {isa = PBXBuildFile; fileRef = 6A9E0CC529F85300003A4D19 /* Piano.sf2 */; };
		6A9E0CC929F85BE8003A4D19 /* Theme.swift in Sources */ = {isa = PBXBuildFile; fileRef = 6A9E0CC829F85BE8003A4D19 /* Theme.swift */; };
		6AC8A32F29F6BFC9001CA2A1 /* MIDIPlayerManager.swift in Sources */ = {isa = PBXBuildFile; fileRef = 6AC8A32E29F6BFC9001CA2A1 /* MIDIPlayerManager.swift */; };
		6AC8A33129F6E379001CA2A1 /* AppDelegate.swift in Sources */ = {isa = PBXBuildFile; fileRef = 6AC8A33029F6E379001CA2A1 /* AppDelegate.swift */; };
/* End PBXBuildFile section */

/* Begin PBXFileReference section */
		6A386E4929FE77390016C26A /* Chord.swift */ = {isa = PBXFileReference; lastKnownFileType = sourcecode.swift; path = Chord.swift; sourceTree = "<group>"; };
		6A386E6E29FEB60D0016C26A /* fMin2.mid */ = {isa = PBXFileReference; lastKnownFileType = audio.midi; path = fMin2.mid; sourceTree = "<group>"; };
		6A386E6F29FEB60D0016C26A /* cMin3.mid */ = {isa = PBXFileReference; lastKnownFileType = audio.midi; path = cMin3.mid; sourceTree = "<group>"; };
		6A386E7029FEB60D0016C26A /* fMin3.mid */ = {isa = PBXFileReference; lastKnownFileType = audio.midi; path = fMin3.mid; sourceTree = "<group>"; };
		6A386E7129FEB60D0016C26A /* gMin2.mid */ = {isa = PBXFileReference; lastKnownFileType = audio.midi; path = gMin2.mid; sourceTree = "<group>"; };
		6A386E7229FEB60E0016C26A /* gMin3.mid */ = {isa = PBXFileReference; lastKnownFileType = audio.midi; path = gMin3.mid; sourceTree = "<group>"; };
		6A386E7329FEB60E0016C26A /* abMaj2.mid */ = {isa = PBXFileReference; lastKnownFileType = audio.midi; path = abMaj2.mid; sourceTree = "<group>"; };
		6A386E7429FEB60E0016C26A /* abMaj3.mid */ = {isa = PBXFileReference; lastKnownFileType = audio.midi; path = abMaj3.mid; sourceTree = "<group>"; };
		6A386E7529FEB60E0016C26A /* cMin4.mid */ = {isa = PBXFileReference; lastKnownFileType = audio.midi; path = cMin4.mid; sourceTree = "<group>"; };
		6A386E7629FEB60E0016C26A /* ebMaj3.mid */ = {isa = PBXFileReference; lastKnownFileType = audio.midi; path = ebMaj3.mid; sourceTree = "<group>"; };
		6A386E7729FEB60E0016C26A /* bbMaj3.mid */ = {isa = PBXFileReference; lastKnownFileType = audio.midi; path = bbMaj3.mid; sourceTree = "<group>"; };
		6A386E8229FED7BC0016C26A /* ChordManager.swift */ = {isa = PBXFileReference; lastKnownFileType = sourcecode.swift; path = ChordManager.swift; sourceTree = "<group>"; };
		6A386E8529FEEA240016C26A /* iPhone 13.png */ = {isa = PBXFileReference; lastKnownFileType = image.png; path = "iPhone 13.png"; sourceTree = "<group>"; };
		6A6176F729F28750006D0E9E /* ChordiAI.app */ = {isa = PBXFileReference; explicitFileType = wrapper.application; includeInIndex = 0; path = ChordiAI.app; sourceTree = BUILT_PRODUCTS_DIR; };
		6A6176FA29F28750006D0E9E /* Main.swift */ = {isa = PBXFileReference; lastKnownFileType = sourcecode.swift; path = Main.swift; sourceTree = "<group>"; };
		6A6176FC29F28750006D0E9E /* ContentView.swift */ = {isa = PBXFileReference; lastKnownFileType = sourcecode.swift; path = ContentView.swift; sourceTree = "<group>"; };
		6A6176FE29F28751006D0E9E /* Assets.xcassets */ = {isa = PBXFileReference; lastKnownFileType = folder.assetcatalog; path = Assets.xcassets; sourceTree = "<group>"; };
		6A61770129F28751006D0E9E /* Preview Assets.xcassets */ = {isa = PBXFileReference; lastKnownFileType = folder.assetcatalog; path = "Preview Assets.xcassets"; sourceTree = "<group>"; };
		6A61770829F2897D006D0E9E /* CameraPreview.swift */ = {isa = PBXFileReference; lastKnownFileType = sourcecode.swift; path = CameraPreview.swift; sourceTree = "<group>"; };
		6A61770A29F289FC006D0E9E /* CameraViewController.swift */ = {isa = PBXFileReference; lastKnownFileType = sourcecode.swift; path = CameraViewController.swift; sourceTree = "<group>"; };
		6A61770C29F28A5E006D0E9E /* CameraView.swift */ = {isa = PBXFileReference; lastKnownFileType = sourcecode.swift; path = CameraView.swift; sourceTree = "<group>"; };
		6A61771129F29511006D0E9E /* LaunchScreen.storyboard */ = {isa = PBXFileReference; lastKnownFileType = file.storyboard; path = LaunchScreen.storyboard; sourceTree = "<group>"; };
		6A61771729F296BE006D0E9E /* Info.plist */ = {isa = PBXFileReference; lastKnownFileType = text.plist.xml; path = Info.plist; sourceTree = "<group>"; };
		6A61771929F2ABC6006D0E9E /* FingersOverlay.swift */ = {isa = PBXFileReference; lastKnownFileType = sourcecode.swift; path = FingersOverlay.swift; sourceTree = "<group>"; };
		6A61771B29F2AD8B006D0E9E /* ChordViewModel.swift */ = {isa = PBXFileReference; lastKnownFileType = sourcecode.swift; path = ChordViewModel.swift; sourceTree = "<group>"; };
		6A9E0CC529F85300003A4D19 /* Piano.sf2 */ = {isa = PBXFileReference; lastKnownFileType = file; path = Piano.sf2; sourceTree = "<group>"; };
		6A9E0CC829F85BE8003A4D19 /* Theme.swift */ = {isa = PBXFileReference; lastKnownFileType = sourcecode.swift; path = Theme.swift; sourceTree = "<group>"; };
		6AC8A32E29F6BFC9001CA2A1 /* MIDIPlayerManager.swift */ = {isa = PBXFileReference; lastKnownFileType = sourcecode.swift; path = MIDIPlayerManager.swift; sourceTree = "<group>"; };
		6AC8A33029F6E379001CA2A1 /* AppDelegate.swift */ = {isa = PBXFileReference; lastKnownFileType = sourcecode.swift; path = AppDelegate.swift; sourceTree = "<group>"; };
/* End PBXFileReference section */

/* Begin PBXFrameworksBuildPhase section */
		6A6176F429F28750006D0E9E /* Frameworks */ = {
			isa = PBXFrameworksBuildPhase;
			buildActionMask = 2147483647;
			files = (
			);
			runOnlyForDeploymentPostprocessing = 0;
		};
/* End PBXFrameworksBuildPhase section */

/* Begin PBXGroup section */
		6A386E4B29FE773E0016C26A /* ViewModel */ = {
			isa = PBXGroup;
			children = (
				6A386E4929FE77390016C26A /* Chord.swift */,
				6A61771B29F2AD8B006D0E9E /* ChordViewModel.swift */,
			);
			path = ViewModel;
			sourceTree = "<group>";
		};
		6A386E8429FEEA190016C26A /* Images */ = {
			isa = PBXGroup;
			children = (
				6A386E8529FEEA240016C26A /* iPhone 13.png */,
			);
			path = Images;
			sourceTree = "<group>";
		};
		6A6176EE29F28750006D0E9E = {
			isa = PBXGroup;
			children = (
				6A6176F929F28750006D0E9E /* ChordiAI */,
				6A6176F829F28750006D0E9E /* Products */,
			);
			sourceTree = "<group>";
		};
		6A6176F829F28750006D0E9E /* Products */ = {
			isa = PBXGroup;
			children = (
				6A6176F729F28750006D0E9E /* ChordiAI.app */,
			);
			name = Products;
			sourceTree = "<group>";
		};
		6A6176F929F28750006D0E9E /* ChordiAI */ = {
			isa = PBXGroup;
			children = (
				6AC8A32A29F6BC62001CA2A1 /* Main */,
				6AC8A32929F6BC28001CA2A1 /* View */,
				6A386E4B29FE773E0016C26A /* ViewModel */,
				6AC8A32829F6BC1C001CA2A1 /* Manager */,
				6A61771029F294F3006D0E9E /* Supporting Files */,
				6A61770029F28751006D0E9E /* Preview Content */,
			);
			path = ChordiAI;
			sourceTree = "<group>";
		};
		6A61770029F28751006D0E9E /* Preview Content */ = {
			isa = PBXGroup;
			children = (
				6A61770129F28751006D0E9E /* Preview Assets.xcassets */,
			);
			path = "Preview Content";
			sourceTree = "<group>";
		};
		6A61771029F294F3006D0E9E /* Supporting Files */ = {
			isa = PBXGroup;
			children = (
				6A386E8429FEEA190016C26A /* Images */,
				6A68F1CE29F9B16500036EA2 /* Sound Font */,
				6A9E0CC729F858F2003A4D19 /* MIDI */,
				6A61771129F29511006D0E9E /* LaunchScreen.storyboard */,
				6A6176FE29F28751006D0E9E /* Assets.xcassets */,
				6A61771729F296BE006D0E9E /* Info.plist */,
				6A9E0CC829F85BE8003A4D19 /* Theme.swift */,
			);
			path = "Supporting Files";
			sourceTree = "<group>";
		};
		6A68F1CE29F9B16500036EA2 /* Sound Font */ = {
			isa = PBXGroup;
			children = (
				6A9E0CC529F85300003A4D19 /* Piano.sf2 */,
			);
			path = "Sound Font";
			sourceTree = "<group>";
		};
		6A9E0CC729F858F2003A4D19 /* MIDI */ = {
			isa = PBXGroup;
			children = (
				6A386E6F29FEB60D0016C26A /* cMin3.mid */,
				6A386E7629FEB60E0016C26A /* ebMaj3.mid */,
				6A386E7029FEB60D0016C26A /* fMin3.mid */,
				6A386E7229FEB60E0016C26A /* gMin3.mid */,
				6A386E7429FEB60E0016C26A /* abMaj3.mid */,
				6A386E7729FEB60E0016C26A /* bbMaj3.mid */,
				6A386E7529FEB60E0016C26A /* cMin4.mid */,
				6A386E7329FEB60E0016C26A /* abMaj2.mid */,
				6A386E7129FEB60D0016C26A /* gMin2.mid */,
				6A386E6E29FEB60D0016C26A /* fMin2.mid */,
			);
			path = MIDI;
			sourceTree = "<group>";
		};
		6AC8A32829F6BC1C001CA2A1 /* Manager */ = {
			isa = PBXGroup;
			children = (
				6AC8A32E29F6BFC9001CA2A1 /* MIDIPlayerManager.swift */,
				6A386E8229FED7BC0016C26A /* ChordManager.swift */,
			);
			path = Manager;
			sourceTree = "<group>";
		};
		6AC8A32929F6BC28001CA2A1 /* View */ = {
			isa = PBXGroup;
			children = (
				6A61770A29F289FC006D0E9E /* CameraViewController.swift */,
				6A61771929F2ABC6006D0E9E /* FingersOverlay.swift */,
				6A61770829F2897D006D0E9E /* CameraPreview.swift */,
				6A6176FC29F28750006D0E9E /* ContentView.swift */,
				6A61770C29F28A5E006D0E9E /* CameraView.swift */,
			);
			path = View;
			sourceTree = "<group>";
		};
		6AC8A32A29F6BC62001CA2A1 /* Main */ = {
			isa = PBXGroup;
			children = (
				6A6176FA29F28750006D0E9E /* Main.swift */,
				6AC8A33029F6E379001CA2A1 /* AppDelegate.swift */,
			);
			path = Main;
			sourceTree = "<group>";
		};
/* End PBXGroup section */

/* Begin PBXNativeTarget section */
		6A6176F629F28750006D0E9E /* ChordiAI */ = {
			isa = PBXNativeTarget;
			buildConfigurationList = 6A61770529F28751006D0E9E /* Build configuration list for PBXNativeTarget "ChordiAI" */;
			buildPhases = (
				6A6176F329F28750006D0E9E /* Sources */,
				6A6176F429F28750006D0E9E /* Frameworks */,
				6A6176F529F28750006D0E9E /* Resources */,
			);
			buildRules = (
			);
			dependencies = (
			);
			name = ChordiAI;
			packageProductDependencies = (
			);
			productName = ChordiAI;
			productReference = 6A6176F729F28750006D0E9E /* ChordiAI.app */;
			productType = "com.apple.product-type.application";
		};
/* End PBXNativeTarget section */

/* Begin PBXProject section */
		6A6176EF29F28750006D0E9E /* Project object */ = {
			isa = PBXProject;
			attributes = {
				BuildIndependentTargetsInParallel = 1;
				LastSwiftUpdateCheck = 1430;
				LastUpgradeCheck = 1430;
				TargetAttributes = {
					6A6176F629F28750006D0E9E = {
						CreatedOnToolsVersion = 14.3;
					};
				};
			};
			buildConfigurationList = 6A6176F229F28750006D0E9E /* Build configuration list for PBXProject "ChordiAI" */;
			compatibilityVersion = "Xcode 14.0";
			developmentRegion = en;
			hasScannedForEncodings = 0;
			knownRegions = (
				en,
				Base,
			);
			mainGroup = 6A6176EE29F28750006D0E9E;
			packageReferences = (
			);
			productRefGroup = 6A6176F829F28750006D0E9E /* Products */;
			projectDirPath = "";
			projectRoot = "";
			targets = (
				6A6176F629F28750006D0E9E /* ChordiAI */,
			);
		};
/* End PBXProject section */

/* Begin PBXResourcesBuildPhase section */
		6A6176F529F28750006D0E9E /* Resources */ = {
			isa = PBXResourcesBuildPhase;
			buildActionMask = 2147483647;
			files = (
				6A61771229F29511006D0E9E /* LaunchScreen.storyboard in Resources */,
				6A386E7C29FEB60E0016C26A /* gMin3.mid in Resources */,
				6A386E8029FEB60E0016C26A /* ebMaj3.mid in Resources */,
				6A386E7929FEB60E0016C26A /* cMin3.mid in Resources */,
				6A61770229F28751006D0E9E /* Preview Assets.xcassets in Resources */,
				6A386E7F29FEB60E0016C26A /* cMin4.mid in Resources */,
				6A386E7829FEB60E0016C26A /* fMin2.mid in Resources */,
				6A386E7D29FEB60E0016C26A /* abMaj2.mid in Resources */,
				6A386E8629FEEA240016C26A /* iPhone 13.png in Resources */,
				6A6176FF29F28751006D0E9E /* Assets.xcassets in Resources */,
				6A9E0CC629F85300003A4D19 /* Piano.sf2 in Resources */,
				6A386E7E29FEB60E0016C26A /* abMaj3.mid in Resources */,
				6A386E8129FEB60E0016C26A /* bbMaj3.mid in Resources */,
				6A386E7B29FEB60E0016C26A /* gMin2.mid in Resources */,
				6A386E7A29FEB60E0016C26A /* fMin3.mid in Resources */,
			);
			runOnlyForDeploymentPostprocessing = 0;
		};
/* End PBXResourcesBuildPhase section */

/* Begin PBXSourcesBuildPhase section */
		6A6176F329F28750006D0E9E /* Sources */ = {
			isa = PBXSourcesBuildPhase;
			buildActionMask = 2147483647;
			files = (
				6A386E8329FED7BC0016C26A /* ChordManager.swift in Sources */,
				6A61770929F2897D006D0E9E /* CameraPreview.swift in Sources */,
				6A61771A29F2ABC6006D0E9E /* FingersOverlay.swift in Sources */,
				6A61770B29F289FC006D0E9E /* CameraViewController.swift in Sources */,
				6AC8A33129F6E379001CA2A1 /* AppDelegate.swift in Sources */,
				6A6176FD29F28750006D0E9E /* ContentView.swift in Sources */,
				6A61770D29F28A5E006D0E9E /* CameraView.swift in Sources */,
				6A61771C29F2AD8B006D0E9E /* ChordViewModel.swift in Sources */,
				6A9E0CC929F85BE8003A4D19 /* Theme.swift in Sources */,
				6AC8A32F29F6BFC9001CA2A1 /* MIDIPlayerManager.swift in Sources */,
				6A386E4A29FE77390016C26A /* Chord.swift in Sources */,
				6A6176FB29F28750006D0E9E /* Main.swift in Sources */,
			);
			runOnlyForDeploymentPostprocessing = 0;
		};
/* End PBXSourcesBuildPhase section */

/* Begin XCBuildConfiguration section */
		6A61770329F28751006D0E9E /* Debug */ = {
			isa = XCBuildConfiguration;
			buildSettings = {
				ALWAYS_SEARCH_USER_PATHS = NO;
				CLANG_ANALYZER_NONNULL = YES;
				CLANG_ANALYZER_NUMBER_OBJECT_CONVERSION = YES_AGGRESSIVE;
				CLANG_CXX_LANGUAGE_STANDARD = "gnu++20";
				CLANG_ENABLE_MODULES = YES;
				CLANG_ENABLE_OBJC_ARC = YES;
				CLANG_ENABLE_OBJC_WEAK = YES;
				CLANG_WARN_BLOCK_CAPTURE_AUTORELEASING = YES;
				CLANG_WARN_BOOL_CONVERSION = YES;
				CLANG_WARN_COMMA = YES;
				CLANG_WARN_CONSTANT_CONVERSION = YES;
				CLANG_WARN_DEPRECATED_OBJC_IMPLEMENTATIONS = YES;
				CLANG_WARN_DIRECT_OBJC_ISA_USAGE = YES_ERROR;
				CLANG_WARN_DOCUMENTATION_COMMENTS = YES;
				CLANG_WARN_EMPTY_BODY = YES;
				CLANG_WARN_ENUM_CONVERSION = YES;
				CLANG_WARN_INFINITE_RECURSION = YES;
				CLANG_WARN_INT_CONVERSION = YES;
				CLANG_WARN_NON_LITERAL_NULL_CONVERSION = YES;
				CLANG_WARN_OBJC_IMPLICIT_RETAIN_SELF = YES;
				CLANG_WARN_OBJC_LITERAL_CONVERSION = YES;
				CLANG_WARN_OBJC_ROOT_CLASS = YES_ERROR;
				CLANG_WARN_QUOTED_INCLUDE_IN_FRAMEWORK_HEADER = YES;
				CLANG_WARN_RANGE_LOOP_ANALYSIS = YES;
				CLANG_WARN_STRICT_PROTOTYPES = YES;
				CLANG_WARN_SUSPICIOUS_MOVE = YES;
				CLANG_WARN_UNGUARDED_AVAILABILITY = YES_AGGRESSIVE;
				CLANG_WARN_UNREACHABLE_CODE = YES;
				CLANG_WARN__DUPLICATE_METHOD_MATCH = YES;
				COPY_PHASE_STRIP = NO;
				DEBUG_INFORMATION_FORMAT = dwarf;
				ENABLE_STRICT_OBJC_MSGSEND = YES;
				ENABLE_TESTABILITY = YES;
				GCC_C_LANGUAGE_STANDARD = gnu11;
				GCC_DYNAMIC_NO_PIC = NO;
				GCC_NO_COMMON_BLOCKS = YES;
				GCC_OPTIMIZATION_LEVEL = 0;
				GCC_PREPROCESSOR_DEFINITIONS = (
					"DEBUG=1",
					"$(inherited)",
				);
				GCC_WARN_64_TO_32_BIT_CONVERSION = YES;
				GCC_WARN_ABOUT_RETURN_TYPE = YES_ERROR;
				GCC_WARN_UNDECLARED_SELECTOR = YES;
				GCC_WARN_UNINITIALIZED_AUTOS = YES_AGGRESSIVE;
				GCC_WARN_UNUSED_FUNCTION = YES;
				GCC_WARN_UNUSED_VARIABLE = YES;
				IPHONEOS_DEPLOYMENT_TARGET = 16.4;
				MTL_ENABLE_DEBUG_INFO = INCLUDE_SOURCE;
				MTL_FAST_MATH = YES;
				ONLY_ACTIVE_ARCH = YES;
				SDKROOT = iphoneos;
				SWIFT_ACTIVE_COMPILATION_CONDITIONS = DEBUG;
				SWIFT_OPTIMIZATION_LEVEL = "-Onone";
			};
			name = Debug;
		};
		6A61770429F28751006D0E9E /* Release */ = {
			isa = XCBuildConfiguration;
			buildSettings = {
				ALWAYS_SEARCH_USER_PATHS = NO;
				CLANG_ANALYZER_NONNULL = YES;
				CLANG_ANALYZER_NUMBER_OBJECT_CONVERSION = YES_AGGRESSIVE;
				CLANG_CXX_LANGUAGE_STANDARD = "gnu++20";
				CLANG_ENABLE_MODULES = YES;
				CLANG_ENABLE_OBJC_ARC = YES;
				CLANG_ENABLE_OBJC_WEAK = YES;
				CLANG_WARN_BLOCK_CAPTURE_AUTORELEASING = YES;
				CLANG_WARN_BOOL_CONVERSION = YES;
				CLANG_WARN_COMMA = YES;
				CLANG_WARN_CONSTANT_CONVERSION = YES;
				CLANG_WARN_DEPRECATED_OBJC_IMPLEMENTATIONS = YES;
				CLANG_WARN_DIRECT_OBJC_ISA_USAGE = YES_ERROR;
				CLANG_WARN_DOCUMENTATION_COMMENTS = YES;
				CLANG_WARN_EMPTY_BODY = YES;
				CLANG_WARN_ENUM_CONVERSION = YES;
				CLANG_WARN_INFINITE_RECURSION = YES;
				CLANG_WARN_INT_CONVERSION = YES;
				CLANG_WARN_NON_LITERAL_NULL_CONVERSION = YES;
				CLANG_WARN_OBJC_IMPLICIT_RETAIN_SELF = YES;
				CLANG_WARN_OBJC_LITERAL_CONVERSION = YES;
				CLANG_WARN_OBJC_ROOT_CLASS = YES_ERROR;
				CLANG_WARN_QUOTED_INCLUDE_IN_FRAMEWORK_HEADER = YES;
				CLANG_WARN_RANGE_LOOP_ANALYSIS = YES;
				CLANG_WARN_STRICT_PROTOTYPES = YES;
				CLANG_WARN_SUSPICIOUS_MOVE = YES;
				CLANG_WARN_UNGUARDED_AVAILABILITY = YES_AGGRESSIVE;
				CLANG_WARN_UNREACHABLE_CODE = YES;
				CLANG_WARN__DUPLICATE_METHOD_MATCH = YES;
				COPY_PHASE_STRIP = NO;
				DEBUG_INFORMATION_FORMAT = "dwarf-with-dsym";
				ENABLE_NS_ASSERTIONS = NO;
				ENABLE_STRICT_OBJC_MSGSEND = YES;
				GCC_C_LANGUAGE_STANDARD = gnu11;
				GCC_NO_COMMON_BLOCKS = YES;
				GCC_WARN_64_TO_32_BIT_CONVERSION = YES;
				GCC_WARN_ABOUT_RETURN_TYPE = YES_ERROR;
				GCC_WARN_UNDECLARED_SELECTOR = YES;
				GCC_WARN_UNINITIALIZED_AUTOS = YES_AGGRESSIVE;
				GCC_WARN_UNUSED_FUNCTION = YES;
				GCC_WARN_UNUSED_VARIABLE = YES;
				IPHONEOS_DEPLOYMENT_TARGET = 16.4;
				MTL_ENABLE_DEBUG_INFO = NO;
				MTL_FAST_MATH = YES;
				SDKROOT = iphoneos;
				SWIFT_COMPILATION_MODE = wholemodule;
				SWIFT_OPTIMIZATION_LEVEL = "-O";
				VALIDATE_PRODUCT = YES;
			};
			name = Release;
		};
		6A61770629F28751006D0E9E /* Debug */ = {
			isa = XCBuildConfiguration;
			buildSettings = {
				ASSETCATALOG_COMPILER_APPICON_NAME = AppIcon;
				ASSETCATALOG_COMPILER_GLOBAL_ACCENT_COLOR_NAME = AccentColor;
				CODE_SIGN_STYLE = Automatic;
				CURRENT_PROJECT_VERSION = 1;
				DEVELOPMENT_ASSET_PATHS = "\"ChordiAI/Preview Content\"";
				DEVELOPMENT_TEAM = ZG95YRN77R;
				ENABLE_PREVIEWS = YES;
				GENERATE_INFOPLIST_FILE = YES;
				INFOPLIST_KEY_NSCameraUsageDescription = "This application uses the camera to demonstrate Vision's api capabilities";
				INFOPLIST_KEY_UIApplicationSceneManifest_Generation = YES;
				INFOPLIST_KEY_UIApplicationSupportsIndirectInputEvents = YES;
				INFOPLIST_KEY_UILaunchScreen_Generation = YES;
				INFOPLIST_KEY_UILaunchStoryboardName = LaunchScreen;
				INFOPLIST_KEY_UISupportedInterfaceOrientations = UIInterfaceOrientationPortrait;
				IPHONEOS_DEPLOYMENT_TARGET = 16.0;
				LD_RUNPATH_SEARCH_PATHS = (
					"$(inherited)",
					"@executable_path/Frameworks",
				);
				MARKETING_VERSION = 1.0;
				PRODUCT_BUNDLE_IDENTIFIER = duyx.ChordiAI;
				PRODUCT_NAME = "$(TARGET_NAME)";
				SWIFT_EMIT_LOC_STRINGS = YES;
				SWIFT_VERSION = 5.0;
				TARGETED_DEVICE_FAMILY = "1,2";
			};
			name = Debug;
		};
		6A61770729F28751006D0E9E /* Release */ = {
			isa = XCBuildConfiguration;
			buildSettings = {
				ASSETCATALOG_COMPILER_APPICON_NAME = AppIcon;
				ASSETCATALOG_COMPILER_GLOBAL_ACCENT_COLOR_NAME = AccentColor;
				CODE_SIGN_STYLE = Automatic;
				CURRENT_PROJECT_VERSION = 1;
				DEVELOPMENT_ASSET_PATHS = "\"ChordiAI/Preview Content\"";
				DEVELOPMENT_TEAM = ZG95YRN77R;
				ENABLE_PREVIEWS = YES;
				GENERATE_INFOPLIST_FILE = YES;
				INFOPLIST_KEY_NSCameraUsageDescription = "This application uses the camera to demonstrate Vision's api capabilities";
				INFOPLIST_KEY_UIApplicationSceneManifest_Generation = YES;
				INFOPLIST_KEY_UIApplicationSupportsIndirectInputEvents = YES;
				INFOPLIST_KEY_UILaunchScreen_Generation = YES;
				INFOPLIST_KEY_UILaunchStoryboardName = LaunchScreen;
				INFOPLIST_KEY_UISupportedInterfaceOrientations = UIInterfaceOrientationPortrait;
				IPHONEOS_DEPLOYMENT_TARGET = 16.0;
				LD_RUNPATH_SEARCH_PATHS = (
					"$(inherited)",
					"@executable_path/Frameworks",
				);
				MARKETING_VERSION = 1.0;
				PRODUCT_BUNDLE_IDENTIFIER = duyx.ChordiAI;
				PRODUCT_NAME = "$(TARGET_NAME)";
				SWIFT_EMIT_LOC_STRINGS = YES;
				SWIFT_VERSION = 5.0;
				TARGETED_DEVICE_FAMILY = "1,2";
			};
			name = Release;
		};
/* End XCBuildConfiguration section */

/* Begin XCConfigurationList section */
		6A6176F229F28750006D0E9E /* Build configuration list for PBXProject "ChordiAI" */ = {
			isa = XCConfigurationList;
			buildConfigurations = (
				6A61770329F28751006D0E9E /* Debug */,
				6A61770429F28751006D0E9E /* Release */,
			);
			defaultConfigurationIsVisible = 0;
			defaultConfigurationName = Release;
		};
		6A61770529F28751006D0E9E /* Build configuration list for PBXNativeTarget "ChordiAI" */ = {
			isa = XCConfigurationList;
			buildConfigurations = (
				6A61770629F28751006D0E9E /* Debug */,
				6A61770729F28751006D0E9E /* Release */,
			);
			defaultConfigurationIsVisible = 0;
			defaultConfigurationName = Release;
		};
/* End XCConfigurationList section */
	};
	rootObject = 6A6176EF29F28750006D0E9E /* Project object */;
}
